
Microsoft Visual Studio Solution File, Format Version 11.00
# Visual Studio 2010
Project("{FAE04EC0-301F-11D3-BF4B-00C04F79EFBC}") = "Gurux.Serial_2010", "Gurux.Serial_2010.csproj", "{D07A57D7-F2E7-4A0F-95D1-EF3B1FD688F0}"
EndProject
Global
	GlobalSection(SolutionConfigurationPlatforms) = preSolution
		Debug|Any CPU = Debug|Any CPU
		Release|Any CPU = Release|Any CPU
	EndGlobalSection
	GlobalSection(ProjectConfigurationPlatforms) = postSolution
		{D07A57D7-F2E7-4A0F-95D1-EF3B1FD688F0}.Debug|Any CPU.ActiveCfg = Debug|Any CPU
		{D07A57D7-F2E7-4A0F-95D1-EF3B1FD688F0}.Debug|Any CPU.Build.0 = Debug|Any CPU
		{D07A57D7-F2E7-4A0F-95D1-EF3B1FD688F0}.Release|Any CPU.ActiveCfg = Release|Any CPU
		{D07A57D7-F2E7-4A0F-95D1-EF3B1FD688F0}.Release|Any CPU.Build.0 = Release|Any CPU
	EndGlobalSection
	GlobalSection(SolutionProperties) = preSolution
		HideSolutionNode = FALSE
	EndGlobalSection
EndGlobal
