
Microsoft Visual Studio Solution File, Format Version 12.00
# Visual Studio Version 17
VisualStudioVersion = 17.4.33103.184
MinimumVisualStudioVersion = 10.0.40219.1
Project("{FAE04EC0-301F-11D3-BF4B-00C04F79EFBC}") = "Gurux.Serial.Android", "Gurux.Serial.Android.csproj", "{718907FD-D406-48D6-873B-E52458DA5F7D}"
EndProject
Global
	GlobalSection(SolutionConfigurationPlatforms) = preSolution
		Debug|Any CPU = Debug|Any CPU
		Release|Any CPU = Release|Any CPU
	EndGlobalSection
	GlobalSection(ProjectConfigurationPlatforms) = postSolution
		{718907FD-D406-48D6-873B-E52458DA5F7D}.Debug|Any CPU.ActiveCfg = Debug|Any CPU
		{718907FD-D406-48D6-873B-E52458DA5F7D}.Debug|Any CPU.Build.0 = Debug|Any CPU
		{718907FD-D406-48D6-873B-E52458DA5F7D}.Release|Any CPU.ActiveCfg = Release|Any CPU
		{718907FD-D406-48D6-873B-E52458DA5F7D}.Release|Any CPU.Build.0 = Release|Any CPU
	EndGlobalSection
	GlobalSection(SolutionProperties) = preSolution
		HideSolutionNode = FALSE
	EndGlobalSection
	GlobalSection(ExtensibilityGlobals) = postSolution
		SolutionGuid = {C5710141-3512-4A32-B559-6E5B02E7E976}
	EndGlobalSection
EndGlobal
