
Microsoft Visual Studio Solution File, Format Version 12.00
# Visual Studio Version 17
VisualStudioVersion = 17.4.33103.184
MinimumVisualStudioVersion = 10.0.40219.1
Project("{FAE04EC0-301F-11D3-BF4B-00C04F79EFBC}") = "Gurux.Serial.Example", "Gurux.Serial.Example\Gurux.Serial.Example.csproj", "{C3B49AF2-A4CF-4DBA-A38C-BB9479C2B1C0}"
EndProject
Project("{FAE04EC0-301F-11D3-BF4B-00C04F79EFBC}") = "Gurux.Serial.Android", "..\development\Gurux.Serial.Android.csproj", "{718907FD-D406-48D6-873B-E52458DA5F7D}"
EndProject
Global
	GlobalSection(SolutionConfigurationPlatforms) = preSolution
		Debug|Any CPU = Debug|Any CPU
		Release|Any CPU = Release|Any CPU
	EndGlobalSection
	GlobalSection(ProjectConfigurationPlatforms) = postSolution
		{C3B49AF2-A4CF-4DBA-A38C-BB9479C2B1C0}.Debug|Any CPU.ActiveCfg = Debug|Any CPU
		{C3B49AF2-A4CF-4DBA-A38C-BB9479C2B1C0}.Debug|Any CPU.Build.0 = Debug|Any CPU
		{C3B49AF2-A4CF-4DBA-A38C-BB9479C2B1C0}.Debug|Any CPU.Deploy.0 = Debug|Any CPU
		{C3B49AF2-A4CF-4DBA-A38C-BB9479C2B1C0}.Release|Any CPU.ActiveCfg = Release|Any CPU
		{C3B49AF2-A4CF-4DBA-A38C-BB9479C2B1C0}.Release|Any CPU.Build.0 = Release|Any CPU
		{C3B49AF2-A4CF-4DBA-A38C-BB9479C2B1C0}.Release|Any CPU.Deploy.0 = Release|Any CPU
		{718907FD-D406-48D6-873B-E52458DA5F7D}.Debug|Any CPU.ActiveCfg = Debug|Any CPU
		{718907FD-D406-48D6-873B-E52458DA5F7D}.Debug|Any CPU.Build.0 = Debug|Any CPU
		{718907FD-D406-48D6-873B-E52458DA5F7D}.Release|Any CPU.ActiveCfg = Release|Any CPU
		{718907FD-D406-48D6-873B-E52458DA5F7D}.Release|Any CPU.Build.0 = Release|Any CPU
	EndGlobalSection
	GlobalSection(SolutionProperties) = preSolution
		HideSolutionNode = FALSE
	EndGlobalSection
	GlobalSection(ExtensibilityGlobals) = postSolution
		SolutionGuid = {263B406F-D959-4161-BF10-EB4099C0480C}
	EndGlobalSection
EndGlobal
